#
#    ___                   _   _      
#   / _ \                 | | (_)     
#  | |_| | __ _  ___ _ __ | |_ _  ___ 
#  |  _  |/ _` |/ _ \ '_ \| __| |/ __|
#  | | | | (_| |  __/ | | | |_| | (__ 
#  \_| |_/\__, |\___|_| |_|\__|_|\___|
#          __/ |
#  _    _ |___/ 
# | |  | |                / _| |
# | |  | | ___ _ __ _  __| |_| | _____      ____
# | |/\| |/ _ \ '__| |/ /|  _| |/ _ \ \ /\ / / ___|
# \  /\  / (_) | | | | ( | | | | (_) \ V  V /\__ \
#  \/  \/ \___/|_| |_|\_\|_| |_|\___/ \_/\_/ |___/
#
# This file was automatically generated by gh-aw. DO NOT EDIT.
#
# To update this file, edit the corresponding .md file and run:
#   gh aw compile
# For more information: https://github.com/githubnext/gh-aw/blob/main/.github/aw/github-agentic-workflows.md
#
# Smoke test workflow that validates Claude engine functionality by reviewing recent PRs twice daily
#
# Resolved workflow manifest:
#   Imports:
#     - shared/gh.md
#     - shared/github-mcp-app.md
#     - shared/github-queries-safe-input.md
#     - shared/go-make.md
#     - shared/mcp-pagination.md
#     - shared/mcp/tavily.md
#     - shared/reporting.md
#
# frontmatter-hash: 285cbbb562d944232f7828a531c9a22c9a52b4fec78bcecfc655b026bb34564e

name: "AAA Smoke Claude"
"on":
  pull_request:
    # names: # Label filtering applied via job conditions
    # - smoke # Label filtering applied via job conditions
    types:
    - labeled
  schedule:
    - cron: "*/5 * * * *"
  workflow_dispatch: null

permissions: {}

concurrency:
  group: "gh-aw-${{ github.workflow }}-${{ github.event.pull_request.number || github.ref }}"
  cancel-in-progress: true

run-name: "AAA Smoke Claude Temp"

jobs:
  pre_activation:
    # a condition that is always false to test activation
    if: false
    runs-on: ubuntu-slim
    steps:
        - run: |
            echo "pre activation"

  activation:
    needs: pre_activation
    if: (!(needs.pre_activation.result))
    runs-on: ubuntu-slim
    steps:
        - run: |
            echo "activation"

